
Microsoft Visual Studio Solution File, Format Version 12.00
# Visual Studio Version 17
VisualStudioVersion = 17.3.32922.545
MinimumVisualStudioVersion = 10.0.40219.1
Project("{FAE04EC0-301F-11D3-BF4B-00C04F79EFBC}") = "ArticulosAPI", "ArticulosAPI\ArticulosAPI.csproj", "{4190A0E2-CEA7-4EF9-9B30-5ADF50D54293}"
EndProject
Global
	GlobalSection(SolutionConfigurationPlatforms) = preSolution
		Debug|Any CPU = Debug|Any CPU
		Release|Any CPU = Release|Any CPU
	EndGlobalSection
	GlobalSection(ProjectConfigurationPlatforms) = postSolution
		{4190A0E2-CEA7-4EF9-9B30-5ADF50D54293}.Debug|Any CPU.ActiveCfg = Debug|Any CPU
		{4190A0E2-CEA7-4EF9-9B30-5ADF50D54293}.Debug|Any CPU.Build.0 = Debug|Any CPU
		{4190A0E2-CEA7-4EF9-9B30-5ADF50D54293}.Release|Any CPU.ActiveCfg = Release|Any CPU
		{4190A0E2-CEA7-4EF9-9B30-5ADF50D54293}.Release|Any CPU.Build.0 = Release|Any CPU
	EndGlobalSection
	GlobalSection(SolutionProperties) = preSolution
		HideSolutionNode = FALSE
	EndGlobalSection
	GlobalSection(ExtensibilityGlobals) = postSolution
		SolutionGuid = {B9F6F37F-C85C-4501-AE34-A0BAD8A11FFC}
	EndGlobalSection
EndGlobal
